Microsoft Visual Studio Solution File, Format Version 12.00
# Visual Studio Version 17
VisualStudioVersion = 17.5.2.0
MinimumVisualStudioVersion = 10.0.40219.1
Project("{FAE04EC0-301F-11D3-BF4B-00C04F79EFBC}") = "AIKeyMouse.Automation.Framework", "AIKeyMouse.Automation.Framework\AIKeyMouse.Automation.Framework.csproj", "{E2D852BC-9DFE-E0D6-238F-7310167AC3FD}"
EndProject
Global
	GlobalSection(SolutionConfigurationPlatforms) = preSolution
		Debug|Any CPU = Debug|Any CPU
		Release|Any CPU = Release|Any CPU
	EndGlobalSection
	GlobalSection(ProjectConfigurationPlatforms) = postSolution
		{E2D852BC-9DFE-E0D6-238F-7310167AC3FD}.Debug|Any CPU.ActiveCfg = Debug|Any CPU
		{E2D852BC-9DFE-E0D6-238F-7310167AC3FD}.Debug|Any CPU.Build.0 = Debug|Any CPU
		{E2D852BC-9DFE-E0D6-238F-7310167AC3FD}.Release|Any CPU.ActiveCfg = Release|Any CPU
		{E2D852BC-9DFE-E0D6-238F-7310167AC3FD}.Release|Any CPU.Build.0 = Release|Any CPU
	EndGlobalSection
	GlobalSection(SolutionProperties) = preSolution
		HideSolutionNode = FALSE
	EndGlobalSection
	GlobalSection(ExtensibilityGlobals) = postSolution
		SolutionGuid = {2A8AACC2-60BB-4FAD-B172-8D45C6AF78B6}
	EndGlobalSection
EndGlobal
